// !$*UTF8*$!
{
	archiveVersion = 1;
	classes = {
	};
	objectVersion = 50;
	objects = {

/* Begin PBXBuildFile section */
		663B06D52702A0CF00005327 /* Expansion.swift in Sources */ = {isa = PBXBuildFile; fileRef = 663B06D42702A0CF00005327 /* Expansion.swift */; };
		663B06D72704478300005327 /* ExpansionTapGestureRecognizer.swift in Sources */ = {isa = PBXBuildFile; fileRef = 663B06D62704478300005327 /* ExpansionTapGestureRecognizer.swift */; };
		663B06D9270545A700005327 /* Launch Screen.storyboard in Resources */ = {isa = PBXBuildFile; fileRef = 663B06D8270545A700005327 /* Launch Screen.storyboard */; };
		6664C13326DBA30F0038733D /* DPUserInfoHeaderVC.swift in Sources */ = {isa = PBXBuildFile; fileRef = 6664C13226DBA30F0038733D /* DPUserInfoHeaderVC.swift */; };
		6664C13926DBA6F40038733D /* DPSecondaryTitleLabel.swift in Sources */ = {isa = PBXBuildFile; fileRef = 6664C13826DBA6F40038733D /* DPSecondaryTitleLabel.swift */; };
		6664C13B26E9D9F40038733D /* DPFullScreenVC.swift in Sources */ = {isa = PBXBuildFile; fileRef = 6664C13A26E9D9F40038733D /* DPFullScreenVC.swift */; };
		6664C13D26E9DB5B0038733D /* DPFullScreenContainerView.swift in Sources */ = {isa = PBXBuildFile; fileRef = 6664C13C26E9DB5B0038733D /* DPFullScreenContainerView.swift */; };
		6664C14126EABCAA0038733D /* UIImage+Ext.swift in Sources */ = {isa = PBXBuildFile; fileRef = 6664C14026EABCAA0038733D /* UIImage+Ext.swift */; };
		6664C14326EC20A60038733D /* PersistenceManager.swift in Sources */ = {isa = PBXBuildFile; fileRef = 6664C14226EC20A60038733D /* PersistenceManager.swift */; };
		66783E7326BE35A000974ADE /* UIViewController+Ext.swift in Sources */ = {isa = PBXBuildFile; fileRef = 66783E7226BE35A000974ADE /* UIViewController+Ext.swift */; };
		66783E7726D05DDE00974ADE /* String+Ext.swift in Sources */ = {isa = PBXBuildFile; fileRef = 66783E7626D05DDE00974ADE /* String+Ext.swift */; };
		66DA279726A6514800687663 /* AppDelegate.swift in Sources */ = {isa = PBXBuildFile; fileRef = 66DA279626A6514800687663 /* AppDelegate.swift */; };
		66DA279926A6514800687663 /* SceneDelegate.swift in Sources */ = {isa = PBXBuildFile; fileRef = 66DA279826A6514800687663 /* SceneDelegate.swift */; };
		66DA27A026A6514D00687663 /* Assets.xcassets in Resources */ = {isa = PBXBuildFile; fileRef = 66DA279F26A6514D00687663 /* Assets.xcassets */; };
		66DA27AB26A656C900687663 /* SearchVC.swift in Sources */ = {isa = PBXBuildFile; fileRef = 66DA27AA26A656C900687663 /* SearchVC.swift */; };
		66DA27AE26A658AC00687663 /* FavoritesVC.swift in Sources */ = {isa = PBXBuildFile; fileRef = 66DA27AD26A658AC00687663 /* FavoritesVC.swift */; };
		66DA27B026A658BD00687663 /* ExpansionsVC.swift in Sources */ = {isa = PBXBuildFile; fileRef = 66DA27AF26A658BD00687663 /* ExpansionsVC.swift */; };
		66DA27B226A658D300687663 /* CardsVC.swift in Sources */ = {isa = PBXBuildFile; fileRef = 66DA27B126A658D300687663 /* CardsVC.swift */; };
		66DA27B426A658E500687663 /* ToolsVC.swift in Sources */ = {isa = PBXBuildFile; fileRef = 66DA27B326A658E500687663 /* ToolsVC.swift */; };
		66DA27B626A658F500687663 /* MiscVC.swift in Sources */ = {isa = PBXBuildFile; fileRef = 66DA27B526A658F500687663 /* MiscVC.swift */; };
		66DA27BA26A65A0300687663 /* DPTabBarController.swift in Sources */ = {isa = PBXBuildFile; fileRef = 66DA27B926A65A0300687663 /* DPTabBarController.swift */; };
		66DA27C026AB7A3000687663 /* Constants.swift in Sources */ = {isa = PBXBuildFile; fileRef = 66DA27BF26AB7A3000687663 /* Constants.swift */; };
		66DA27C326AB8EED00687663 /* DPTitleLabel.swift in Sources */ = {isa = PBXBuildFile; fileRef = 66DA27C226AB8EED00687663 /* DPTitleLabel.swift */; };
		66DA27C526AB91A300687663 /* DPTextField.swift in Sources */ = {isa = PBXBuildFile; fileRef = 66DA27C426AB91A300687663 /* DPTextField.swift */; };
		66DA27C726AB9C3C00687663 /* DPButton.swift in Sources */ = {isa = PBXBuildFile; fileRef = 66DA27C626AB9C3C00687663 /* DPButton.swift */; };
		66DA27C926B202A700687663 /* CardInfoVC.swift in Sources */ = {isa = PBXBuildFile; fileRef = 66DA27C826B202A700687663 /* CardInfoVC.swift */; };
		66DA27CB26B4A52A00687663 /* DPBodyLabel.swift in Sources */ = {isa = PBXBuildFile; fileRef = 66DA27CA26B4A52A00687663 /* DPBodyLabel.swift */; };
		66DA27CD26B4AD2500687663 /* UIHelper.swift in Sources */ = {isa = PBXBuildFile; fileRef = 66DA27CC26B4AD2500687663 /* UIHelper.swift */; };
		66DA27D026B4D26200687663 /* DPCardImageView.swift in Sources */ = {isa = PBXBuildFile; fileRef = 66DA27CF26B4D26200687663 /* DPCardImageView.swift */; };
		66DA27D326B4D88000687663 /* DPAlertVC.swift in Sources */ = {isa = PBXBuildFile; fileRef = 66DA27D226B4D88000687663 /* DPAlertVC.swift */; };
		66DA27D626B4D8ED00687663 /* DPAlertContainerView.swift in Sources */ = {isa = PBXBuildFile; fileRef = 66DA27D526B4D8EC00687663 /* DPAlertContainerView.swift */; };
		66DA27D926B7585C00687663 /* FavoritesCell.swift in Sources */ = {isa = PBXBuildFile; fileRef = 66DA27D826B7585C00687663 /* FavoritesCell.swift */; };
		66DA27DC26B7633100687663 /* Card.swift in Sources */ = {isa = PBXBuildFile; fileRef = 66DA27DB26B7633100687663 /* Card.swift */; };
		66DA27DF26BC890B00687663 /* NetworkManager.swift in Sources */ = {isa = PBXBuildFile; fileRef = 66DA27DE26BC890B00687663 /* NetworkManager.swift */; };
		66DA27E126BDDB1400687663 /* CardList.swift in Sources */ = {isa = PBXBuildFile; fileRef = 66DA27E026BDDB1400687663 /* CardList.swift */; };
		66DA27E326BDFF3900687663 /* DPError.swift in Sources */ = {isa = PBXBuildFile; fileRef = 66DA27E226BDFF3900687663 /* DPError.swift */; };
		66DA27E526BE038F00687663 /* CardListCell.swift in Sources */ = {isa = PBXBuildFile; fileRef = 66DA27E426BE038F00687663 /* CardListCell.swift */; };
		66E268742720AE3E00EB66B3 /* ToolsModel.swift in Sources */ = {isa = PBXBuildFile; fileRef = 66E268732720AE3E00EB66B3 /* ToolsModel.swift */; };
		66E268762720B58300EB66B3 /* ToolsCell.swift in Sources */ = {isa = PBXBuildFile; fileRef = 66E268752720B58300EB66B3 /* ToolsCell.swift */; };
		66E2687A2720B79100EB66B3 /* DPToolsImageView.swift in Sources */ = {isa = PBXBuildFile; fileRef = 66E268792720B79100EB66B3 /* DPToolsImageView.swift */; };
		66F8CB2E26F9DFFF0017861F /* DPExpansionImageView.swift in Sources */ = {isa = PBXBuildFile; fileRef = 66F8CB2D26F9DFFF0017861F /* DPExpansionImageView.swift */; };
/* End PBXBuildFile section */

/* Begin PBXFileReference section */
		663B06D42702A0CF00005327 /* Expansion.swift */ = {isa = PBXFileReference; lastKnownFileType = sourcecode.swift; path = Expansion.swift; sourceTree = "<group>"; };
		663B06D62704478300005327 /* ExpansionTapGestureRecognizer.swift */ = {isa = PBXFileReference; lastKnownFileType = sourcecode.swift; path = ExpansionTapGestureRecognizer.swift; sourceTree = "<group>"; };
		663B06D8270545A700005327 /* Launch Screen.storyboard */ = {isa = PBXFileReference; lastKnownFileType = file.storyboard; path = "Launch Screen.storyboard"; sourceTree = "<group>"; };
		6664C13226DBA30F0038733D /* DPUserInfoHeaderVC.swift */ = {isa = PBXFileReference; lastKnownFileType = sourcecode.swift; path = DPUserInfoHeaderVC.swift; sourceTree = "<group>"; };
		6664C13826DBA6F40038733D /* DPSecondaryTitleLabel.swift */ = {isa = PBXFileReference; lastKnownFileType = sourcecode.swift; path = DPSecondaryTitleLabel.swift; sourceTree = "<group>"; };
		6664C13A26E9D9F40038733D /* DPFullScreenVC.swift */ = {isa = PBXFileReference; lastKnownFileType = sourcecode.swift; path = DPFullScreenVC.swift; sourceTree = "<group>"; };
		6664C13C26E9DB5B0038733D /* DPFullScreenContainerView.swift */ = {isa = PBXFileReference; lastKnownFileType = sourcecode.swift; path = DPFullScreenContainerView.swift; sourceTree = "<group>"; };
		6664C14026EABCAA0038733D /* UIImage+Ext.swift */ = {isa = PBXFileReference; lastKnownFileType = sourcecode.swift; path = "UIImage+Ext.swift"; sourceTree = "<group>"; };
		6664C14226EC20A60038733D /* PersistenceManager.swift */ = {isa = PBXFileReference; lastKnownFileType = sourcecode.swift; path = PersistenceManager.swift; sourceTree = "<group>"; };
		66783E7226BE35A000974ADE /* UIViewController+Ext.swift */ = {isa = PBXFileReference; lastKnownFileType = sourcecode.swift; path = "UIViewController+Ext.swift"; sourceTree = "<group>"; };
		66783E7626D05DDE00974ADE /* String+Ext.swift */ = {isa = PBXFileReference; lastKnownFileType = sourcecode.swift; path = "String+Ext.swift"; sourceTree = "<group>"; };
		66DA279326A6514800687663 /* DominionPedia.app */ = {isa = PBXFileReference; explicitFileType = wrapper.application; includeInIndex = 0; path = DominionPedia.app; sourceTree = BUILT_PRODUCTS_DIR; };
		66DA279626A6514800687663 /* AppDelegate.swift */ = {isa = PBXFileReference; lastKnownFileType = sourcecode.swift; path = AppDelegate.swift; sourceTree = "<group>"; };
		66DA279826A6514800687663 /* SceneDelegate.swift */ = {isa = PBXFileReference; lastKnownFileType = sourcecode.swift; path = SceneDelegate.swift; sourceTree = "<group>"; };
		66DA279F26A6514D00687663 /* Assets.xcassets */ = {isa = PBXFileReference; lastKnownFileType = folder.assetcatalog; path = Assets.xcassets; sourceTree = "<group>"; };
		66DA27A426A6514D00687663 /* Info.plist */ = {isa = PBXFileReference; lastKnownFileType = text.plist.xml; path = Info.plist; sourceTree = "<group>"; };
		66DA27AA26A656C900687663 /* SearchVC.swift */ = {isa = PBXFileReference; lastKnownFileType = sourcecode.swift; path = SearchVC.swift; sourceTree = "<group>"; };
		66DA27AD26A658AC00687663 /* FavoritesVC.swift */ = {isa = PBXFileReference; lastKnownFileType = sourcecode.swift; path = FavoritesVC.swift; sourceTree = "<group>"; };
		66DA27AF26A658BD00687663 /* ExpansionsVC.swift */ = {isa = PBXFileReference; lastKnownFileType = sourcecode.swift; path = ExpansionsVC.swift; sourceTree = "<group>"; };
		66DA27B126A658D300687663 /* CardsVC.swift */ = {isa = PBXFileReference; lastKnownFileType = sourcecode.swift; path = CardsVC.swift; sourceTree = "<group>"; };
		66DA27B326A658E500687663 /* ToolsVC.swift */ = {isa = PBXFileReference; lastKnownFileType = sourcecode.swift; path = ToolsVC.swift; sourceTree = "<group>"; };
		66DA27B526A658F500687663 /* MiscVC.swift */ = {isa = PBXFileReference; lastKnownFileType = sourcecode.swift; path = MiscVC.swift; sourceTree = "<group>"; };
		66DA27B926A65A0300687663 /* DPTabBarController.swift */ = {isa = PBXFileReference; lastKnownFileType = sourcecode.swift; path = DPTabBarController.swift; sourceTree = "<group>"; };
		66DA27BF26AB7A3000687663 /* Constants.swift */ = {isa = PBXFileReference; lastKnownFileType = sourcecode.swift; path = Constants.swift; sourceTree = "<group>"; };
		66DA27C226AB8EED00687663 /* DPTitleLabel.swift */ = {isa = PBXFileReference; lastKnownFileType = sourcecode.swift; path = DPTitleLabel.swift; sourceTree = "<group>"; };
		66DA27C426AB91A300687663 /* DPTextField.swift */ = {isa = PBXFileReference; lastKnownFileType = sourcecode.swift; path = DPTextField.swift; sourceTree = "<group>"; };
		66DA27C626AB9C3C00687663 /* DPButton.swift */ = {isa = PBXFileReference; lastKnownFileType = sourcecode.swift; path = DPButton.swift; sourceTree = "<group>"; };
		66DA27C826B202A700687663 /* CardInfoVC.swift */ = {isa = PBXFileReference; lastKnownFileType = sourcecode.swift; path = CardInfoVC.swift; sourceTree = "<group>"; };
		66DA27CA26B4A52A00687663 /* DPBodyLabel.swift */ = {isa = PBXFileReference; lastKnownFileType = sourcecode.swift; path = DPBodyLabel.swift; sourceTree = "<group>"; };
		66DA27CC26B4AD2500687663 /* UIHelper.swift */ = {isa = PBXFileReference; lastKnownFileType = sourcecode.swift; path = UIHelper.swift; sourceTree = "<group>"; };
		66DA27CF26B4D26200687663 /* DPCardImageView.swift */ = {isa = PBXFileReference; lastKnownFileType = sourcecode.swift; path = DPCardImageView.swift; sourceTree = "<group>"; };
		66DA27D226B4D88000687663 /* DPAlertVC.swift */ = {isa = PBXFileReference; lastKnownFileType = sourcecode.swift; path = DPAlertVC.swift; sourceTree = "<group>"; };
		66DA27D526B4D8EC00687663 /* DPAlertContainerView.swift */ = {isa = PBXFileReference; lastKnownFileType = sourcecode.swift; path = DPAlertContainerView.swift; sourceTree = "<group>"; };
		66DA27D826B7585C00687663 /* FavoritesCell.swift */ = {isa = PBXFileReference; lastKnownFileType = sourcecode.swift; path = FavoritesCell.swift; sourceTree = "<group>"; };
		66DA27DB26B7633100687663 /* Card.swift */ = {isa = PBXFileReference; lastKnownFileType = sourcecode.swift; path = Card.swift; sourceTree = "<group>"; };
		66DA27DE26BC890B00687663 /* NetworkManager.swift */ = {isa = PBXFileReference; lastKnownFileType = sourcecode.swift; path = NetworkManager.swift; sourceTree = "<group>"; };
		66DA27E026BDDB1400687663 /* CardList.swift */ = {isa = PBXFileReference; lastKnownFileType = sourcecode.swift; path = CardList.swift; sourceTree = "<group>"; };
		66DA27E226BDFF3900687663 /* DPError.swift */ = {isa = PBXFileReference; lastKnownFileType = sourcecode.swift; path = DPError.swift; sourceTree = "<group>"; };
		66DA27E426BE038F00687663 /* CardListCell.swift */ = {isa = PBXFileReference; lastKnownFileType = sourcecode.swift; path = CardListCell.swift; sourceTree = "<group>"; };
		66E268732720AE3E00EB66B3 /* ToolsModel.swift */ = {isa = PBXFileReference; lastKnownFileType = sourcecode.swift; path = ToolsModel.swift; sourceTree = "<group>"; };
		66E268752720B58300EB66B3 /* ToolsCell.swift */ = {isa = PBXFileReference; lastKnownFileType = sourcecode.swift; path = ToolsCell.swift; sourceTree = "<group>"; };
		66E268792720B79100EB66B3 /* DPToolsImageView.swift */ = {isa = PBXFileReference; lastKnownFileType = sourcecode.swift; path = DPToolsImageView.swift; sourceTree = "<group>"; };
		66F8CB2D26F9DFFF0017861F /* DPExpansionImageView.swift */ = {isa = PBXFileReference; lastKnownFileType = sourcecode.swift; path = DPExpansionImageView.swift; sourceTree = "<group>"; };
/* End PBXFileReference section */

/* Begin PBXFrameworksBuildPhase section */
		66DA279026A6514800687663 /* Frameworks */ = {
			isa = PBXFrameworksBuildPhase;
			buildActionMask = 2147483647;
			files = (
			);
			runOnlyForDeploymentPostprocessing = 0;
		};
/* End PBXFrameworksBuildPhase section */

/* Begin PBXGroup section */
		6664C13626DBA4D10038733D /* Button */ = {
			isa = PBXGroup;
			children = (
				66DA27C626AB9C3C00687663 /* DPButton.swift */,
			);
			path = Button;
			sourceTree = "<group>";
		};
		6664C13726DBA4DB0038733D /* Text FIeld */ = {
			isa = PBXGroup;
			children = (
				66DA27C426AB91A300687663 /* DPTextField.swift */,
			);
			path = "Text FIeld";
			sourceTree = "<group>";
		};
		66783E7126BE355900974ADE /* Extensions */ = {
			isa = PBXGroup;
			children = (
				66783E7226BE35A000974ADE /* UIViewController+Ext.swift */,
				6664C14026EABCAA0038733D /* UIImage+Ext.swift */,
				66783E7626D05DDE00974ADE /* String+Ext.swift */,
			);
			path = Extensions;
			sourceTree = "<group>";
		};
		66DA278A26A6514800687663 = {
			isa = PBXGroup;
			children = (
				66DA279526A6514800687663 /* DominionPedia */,
				66DA279426A6514800687663 /* Products */,
			);
			sourceTree = "<group>";
		};
		66DA279426A6514800687663 /* Products */ = {
			isa = PBXGroup;
			children = (
				66DA279326A6514800687663 /* DominionPedia.app */,
			);
			name = Products;
			sourceTree = "<group>";
		};
		66DA279526A6514800687663 /* DominionPedia */ = {
			isa = PBXGroup;
			children = (
				66783E7126BE355900974ADE /* Extensions */,
				66DA27DD26BC88FC00687663 /* Managers */,
				66DA27DA26B7631A00687663 /* Models */,
				66DA27BC26AB7A0800687663 /* Utilities */,
				66DA27B726A659BA00687663 /* Custon Views */,
				66DA27AC26A6585F00687663 /* Screens */,
				66DA279626A6514800687663 /* AppDelegate.swift */,
				66DA279826A6514800687663 /* SceneDelegate.swift */,
				66DA279F26A6514D00687663 /* Assets.xcassets */,
				66DA27A426A6514D00687663 /* Info.plist */,
				663B06D8270545A700005327 /* Launch Screen.storyboard */,
			);
			path = DominionPedia;
			sourceTree = "<group>";
		};
		66DA27AC26A6585F00687663 /* Screens */ = {
			isa = PBXGroup;
			children = (
				66DA27AA26A656C900687663 /* SearchVC.swift */,
				66DA27AD26A658AC00687663 /* FavoritesVC.swift */,
				66DA27AF26A658BD00687663 /* ExpansionsVC.swift */,
				66DA27B126A658D300687663 /* CardsVC.swift */,
				66DA27B326A658E500687663 /* ToolsVC.swift */,
				66DA27B526A658F500687663 /* MiscVC.swift */,
				66DA27C826B202A700687663 /* CardInfoVC.swift */,
			);
			path = Screens;
			sourceTree = "<group>";
		};
		66DA27B726A659BA00687663 /* Custon Views */ = {
			isa = PBXGroup;
			children = (
				6664C13726DBA4DB0038733D /* Text FIeld */,
				6664C13626DBA4D10038733D /* Button */,
				66DA27D726B7583600687663 /* Cells */,
				66DA27D426B4D8CF00687663 /* Views */,
				66DA27D126B4D86300687663 /* ViewControllers */,
				66DA27CE26B4D22800687663 /* ImageView */,
				66DA27C126AB8EAE00687663 /* Labels */,
				66DA27B826A659C900687663 /* TabBarController */,
			);
			path = "Custon Views";
			sourceTree = "<group>";
		};
		66DA27B826A659C900687663 /* TabBarController */ = {
			isa = PBXGroup;
			children = (
				66DA27B926A65A0300687663 /* DPTabBarController.swift */,
			);
			path = TabBarController;
			sourceTree = "<group>";
		};
		66DA27BC26AB7A0800687663 /* Utilities */ = {
			isa = PBXGroup;
			children = (
				66DA27BF26AB7A3000687663 /* Constants.swift */,
				66DA27CC26B4AD2500687663 /* UIHelper.swift */,
				66DA27E226BDFF3900687663 /* DPError.swift */,
				663B06D62704478300005327 /* ExpansionTapGestureRecognizer.swift */,
			);
			path = Utilities;
			sourceTree = "<group>";
		};
		66DA27C126AB8EAE00687663 /* Labels */ = {
			isa = PBXGroup;
			children = (
				66DA27C226AB8EED00687663 /* DPTitleLabel.swift */,
				66DA27CA26B4A52A00687663 /* DPBodyLabel.swift */,
				6664C13826DBA6F40038733D /* DPSecondaryTitleLabel.swift */,
			);
			path = Labels;
			sourceTree = "<group>";
		};
		66DA27CE26B4D22800687663 /* ImageView */ = {
			isa = PBXGroup;
			children = (
				66DA27CF26B4D26200687663 /* DPCardImageView.swift */,
				66F8CB2D26F9DFFF0017861F /* DPExpansionImageView.swift */,
				66E268792720B79100EB66B3 /* DPToolsImageView.swift */,
			);
			path = ImageView;
			sourceTree = "<group>";
		};
		66DA27D126B4D86300687663 /* ViewControllers */ = {
			isa = PBXGroup;
			children = (
				66DA27D226B4D88000687663 /* DPAlertVC.swift */,
				6664C13226DBA30F0038733D /* DPUserInfoHeaderVC.swift */,
				6664C13A26E9D9F40038733D /* DPFullScreenVC.swift */,
			);
			path = ViewControllers;
			sourceTree = "<group>";
		};
		66DA27D426B4D8CF00687663 /* Views */ = {
			isa = PBXGroup;
			children = (
				66DA27D526B4D8EC00687663 /* DPAlertContainerView.swift */,
				6664C13C26E9DB5B0038733D /* DPFullScreenContainerView.swift */,
			);
			path = Views;
			sourceTree = "<group>";
		};
		66DA27D726B7583600687663 /* Cells */ = {
			isa = PBXGroup;
			children = (
				66DA27D826B7585C00687663 /* FavoritesCell.swift */,
				66DA27E426BE038F00687663 /* CardListCell.swift */,
				66E268752720B58300EB66B3 /* ToolsCell.swift */,
			);
			path = Cells;
			sourceTree = "<group>";
		};
		66DA27DA26B7631A00687663 /* Models */ = {
			isa = PBXGroup;
			children = (
				66DA27DB26B7633100687663 /* Card.swift */,
				66DA27E026BDDB1400687663 /* CardList.swift */,
				663B06D42702A0CF00005327 /* Expansion.swift */,
				66E268732720AE3E00EB66B3 /* ToolsModel.swift */,
			);
			path = Models;
			sourceTree = "<group>";
		};
		66DA27DD26BC88FC00687663 /* Managers */ = {
			isa = PBXGroup;
			children = (
				66DA27DE26BC890B00687663 /* NetworkManager.swift */,
				6664C14226EC20A60038733D /* PersistenceManager.swift */,
			);
			path = Managers;
			sourceTree = "<group>";
		};
/* End PBXGroup section */

/* Begin PBXNativeTarget section */
		66DA279226A6514800687663 /* DominionPedia */ = {
			isa = PBXNativeTarget;
			buildConfigurationList = 66DA27A726A6514D00687663 /* Build configuration list for PBXNativeTarget "DominionPedia" */;
			buildPhases = (
				66DA278F26A6514800687663 /* Sources */,
				66DA279026A6514800687663 /* Frameworks */,
				66DA279126A6514800687663 /* Resources */,
			);
			buildRules = (
			);
			dependencies = (
			);
			name = DominionPedia;
			productName = DominionPedia;
			productReference = 66DA279326A6514800687663 /* DominionPedia.app */;
			productType = "com.apple.product-type.application";
		};
/* End PBXNativeTarget section */

/* Begin PBXProject section */
		66DA278B26A6514800687663 /* Project object */ = {
			isa = PBXProject;
			attributes = {
				LastSwiftUpdateCheck = 1250;
				LastUpgradeCheck = 1250;
				TargetAttributes = {
					66DA279226A6514800687663 = {
						CreatedOnToolsVersion = 12.5;
					};
				};
			};
			buildConfigurationList = 66DA278E26A6514800687663 /* Build configuration list for PBXProject "DominionPedia" */;
			compatibilityVersion = "Xcode 9.3";
			developmentRegion = en;
			hasScannedForEncodings = 0;
			knownRegions = (
				en,
				Base,
			);
			mainGroup = 66DA278A26A6514800687663;
			productRefGroup = 66DA279426A6514800687663 /* Products */;
			projectDirPath = "";
			projectRoot = "";
			targets = (
				66DA279226A6514800687663 /* DominionPedia */,
			);
		};
/* End PBXProject section */

/* Begin PBXResourcesBuildPhase section */
		66DA279126A6514800687663 /* Resources */ = {
			isa = PBXResourcesBuildPhase;
			buildActionMask = 2147483647;
			files = (
				663B06D9270545A700005327 /* Launch Screen.storyboard in Resources */,
				66DA27A026A6514D00687663 /* Assets.xcassets in Resources */,
			);
			runOnlyForDeploymentPostprocessing = 0;
		};
/* End PBXResourcesBuildPhase section */

/* Begin PBXSourcesBuildPhase section */
		66DA278F26A6514800687663 /* Sources */ = {
			isa = PBXSourcesBuildPhase;
			buildActionMask = 2147483647;
			files = (
				66DA27C326AB8EED00687663 /* DPTitleLabel.swift in Sources */,
				66DA27B426A658E500687663 /* ToolsVC.swift in Sources */,
				66DA27BA26A65A0300687663 /* DPTabBarController.swift in Sources */,
				66DA279726A6514800687663 /* AppDelegate.swift in Sources */,
				6664C13326DBA30F0038733D /* DPUserInfoHeaderVC.swift in Sources */,
				6664C13B26E9D9F40038733D /* DPFullScreenVC.swift in Sources */,
				66DA27DF26BC890B00687663 /* NetworkManager.swift in Sources */,
				66DA27B626A658F500687663 /* MiscVC.swift in Sources */,
				6664C13926DBA6F40038733D /* DPSecondaryTitleLabel.swift in Sources */,
				6664C14326EC20A60038733D /* PersistenceManager.swift in Sources */,
				6664C14126EABCAA0038733D /* UIImage+Ext.swift in Sources */,
				66DA27C526AB91A300687663 /* DPTextField.swift in Sources */,
				66E268742720AE3E00EB66B3 /* ToolsModel.swift in Sources */,
				66E268762720B58300EB66B3 /* ToolsCell.swift in Sources */,
				66DA27AB26A656C900687663 /* SearchVC.swift in Sources */,
				66DA27D626B4D8ED00687663 /* DPAlertContainerView.swift in Sources */,
				66783E7726D05DDE00974ADE /* String+Ext.swift in Sources */,
				6664C13D26E9DB5B0038733D /* DPFullScreenContainerView.swift in Sources */,
				66DA27CD26B4AD2500687663 /* UIHelper.swift in Sources */,
				66DA27C026AB7A3000687663 /* Constants.swift in Sources */,
				663B06D52702A0CF00005327 /* Expansion.swift in Sources */,
				66DA27E526BE038F00687663 /* CardListCell.swift in Sources */,
				66DA27CB26B4A52A00687663 /* DPBodyLabel.swift in Sources */,
				66DA27C926B202A700687663 /* CardInfoVC.swift in Sources */,
				66783E7326BE35A000974ADE /* UIViewController+Ext.swift in Sources */,
				663B06D72704478300005327 /* ExpansionTapGestureRecognizer.swift in Sources */,
				66DA27D326B4D88000687663 /* DPAlertVC.swift in Sources */,
				66DA27E326BDFF3900687663 /* DPError.swift in Sources */,
				66DA27D926B7585C00687663 /* FavoritesCell.swift in Sources */,
				66DA27B226A658D300687663 /* CardsVC.swift in Sources */,
				66DA27B026A658BD00687663 /* ExpansionsVC.swift in Sources */,
				66DA27DC26B7633100687663 /* Card.swift in Sources */,
				66E2687A2720B79100EB66B3 /* DPToolsImageView.swift in Sources */,
				66DA27D026B4D26200687663 /* DPCardImageView.swift in Sources */,
				66DA27AE26A658AC00687663 /* FavoritesVC.swift in Sources */,
				66DA27E126BDDB1400687663 /* CardList.swift in Sources */,
				66DA27C726AB9C3C00687663 /* DPButton.swift in Sources */,
				66DA279926A6514800687663 /* SceneDelegate.swift in Sources */,
				66F8CB2E26F9DFFF0017861F /* DPExpansionImageView.swift in Sources */,
			);
			runOnlyForDeploymentPostprocessing = 0;
		};
/* End PBXSourcesBuildPhase section */

/* Begin XCBuildConfiguration section */
		66DA27A526A6514D00687663 /* Debug */ = {
			isa = XCBuildConfiguration;
			buildSettings = {
				ALWAYS_SEARCH_USER_PATHS = NO;
				CLANG_ANALYZER_NONNULL = YES;
				CLANG_ANALYZER_NUMBER_OBJECT_CONVERSION = YES_AGGRESSIVE;
				CLANG_CXX_LANGUAGE_STANDARD = "gnu++14";
				CLANG_CXX_LIBRARY = "libc++";
				CLANG_ENABLE_MODULES = YES;
				CLANG_ENABLE_OBJC_ARC = YES;
				CLANG_ENABLE_OBJC_WEAK = YES;
				CLANG_WARN_BLOCK_CAPTURE_AUTORELEASING = YES;
				CLANG_WARN_BOOL_CONVERSION = YES;
				CLANG_WARN_COMMA = YES;
				CLANG_WARN_CONSTANT_CONVERSION = YES;
				CLANG_WARN_DEPRECATED_OBJC_IMPLEMENTATIONS = YES;
				CLANG_WARN_DIRECT_OBJC_ISA_USAGE = YES_ERROR;
				CLANG_WARN_DOCUMENTATION_COMMENTS = YES;
				CLANG_WARN_EMPTY_BODY = YES;
				CLANG_WARN_ENUM_CONVERSION = YES;
				CLANG_WARN_INFINITE_RECURSION = YES;
				CLANG_WARN_INT_CONVERSION = YES;
				CLANG_WARN_NON_LITERAL_NULL_CONVERSION = YES;
				CLANG_WARN_OBJC_IMPLICIT_RETAIN_SELF = YES;
				CLANG_WARN_OBJC_LITERAL_CONVERSION = YES;
				CLANG_WARN_OBJC_ROOT_CLASS = YES_ERROR;
				CLANG_WARN_QUOTED_INCLUDE_IN_FRAMEWORK_HEADER = YES;
				CLANG_WARN_RANGE_LOOP_ANALYSIS = YES;
				CLANG_WARN_STRICT_PROTOTYPES = YES;
				CLANG_WARN_SUSPICIOUS_MOVE = YES;
				CLANG_WARN_UNGUARDED_AVAILABILITY = YES_AGGRESSIVE;
				CLANG_WARN_UNREACHABLE_CODE = YES;
				CLANG_WARN__DUPLICATE_METHOD_MATCH = YES;
				COPY_PHASE_STRIP = NO;
				DEBUG_INFORMATION_FORMAT = dwarf;
				ENABLE_STRICT_OBJC_MSGSEND = YES;
				ENABLE_TESTABILITY = YES;
				GCC_C_LANGUAGE_STANDARD = gnu11;
				GCC_DYNAMIC_NO_PIC = NO;
				GCC_NO_COMMON_BLOCKS = YES;
				GCC_OPTIMIZATION_LEVEL = 0;
				GCC_PREPROCESSOR_DEFINITIONS = (
					"DEBUG=1",
					"$(inherited)",
				);
				GCC_WARN_64_TO_32_BIT_CONVERSION = YES;
				GCC_WARN_ABOUT_RETURN_TYPE = YES_ERROR;
				GCC_WARN_UNDECLARED_SELECTOR = YES;
				GCC_WARN_UNINITIALIZED_AUTOS = YES_AGGRESSIVE;
				GCC_WARN_UNUSED_FUNCTION = YES;
				GCC_WARN_UNUSED_VARIABLE = YES;
				IPHONEOS_DEPLOYMENT_TARGET = 14.5;
				MTL_ENABLE_DEBUG_INFO = INCLUDE_SOURCE;
				MTL_FAST_MATH = YES;
				ONLY_ACTIVE_ARCH = YES;
				SDKROOT = iphoneos;
				SWIFT_ACTIVE_COMPILATION_CONDITIONS = DEBUG;
				SWIFT_OPTIMIZATION_LEVEL = "-Onone";
			};
			name = Debug;
		};
		66DA27A626A6514D00687663 /* Release */ = {
			isa = XCBuildConfiguration;
			buildSettings = {
				ALWAYS_SEARCH_USER_PATHS = NO;
				CLANG_ANALYZER_NONNULL = YES;
				CLANG_ANALYZER_NUMBER_OBJECT_CONVERSION = YES_AGGRESSIVE;
				CLANG_CXX_LANGUAGE_STANDARD = "gnu++14";
				CLANG_CXX_LIBRARY = "libc++";
				CLANG_ENABLE_MODULES = YES;
				CLANG_ENABLE_OBJC_ARC = YES;
				CLANG_ENABLE_OBJC_WEAK = YES;
				CLANG_WARN_BLOCK_CAPTURE_AUTORELEASING = YES;
				CLANG_WARN_BOOL_CONVERSION = YES;
				CLANG_WARN_COMMA = YES;
				CLANG_WARN_CONSTANT_CONVERSION = YES;
				CLANG_WARN_DEPRECATED_OBJC_IMPLEMENTATIONS = YES;
				CLANG_WARN_DIRECT_OBJC_ISA_USAGE = YES_ERROR;
				CLANG_WARN_DOCUMENTATION_COMMENTS = YES;
				CLANG_WARN_EMPTY_BODY = YES;
				CLANG_WARN_ENUM_CONVERSION = YES;
				CLANG_WARN_INFINITE_RECURSION = YES;
				CLANG_WARN_INT_CONVERSION = YES;
				CLANG_WARN_NON_LITERAL_NULL_CONVERSION = YES;
				CLANG_WARN_OBJC_IMPLICIT_RETAIN_SELF = YES;
				CLANG_WARN_OBJC_LITERAL_CONVERSION = YES;
				CLANG_WARN_OBJC_ROOT_CLASS = YES_ERROR;
				CLANG_WARN_QUOTED_INCLUDE_IN_FRAMEWORK_HEADER = YES;
				CLANG_WARN_RANGE_LOOP_ANALYSIS = YES;
				CLANG_WARN_STRICT_PROTOTYPES = YES;
				CLANG_WARN_SUSPICIOUS_MOVE = YES;
				CLANG_WARN_UNGUARDED_AVAILABILITY = YES_AGGRESSIVE;
				CLANG_WARN_UNREACHABLE_CODE = YES;
				CLANG_WARN__DUPLICATE_METHOD_MATCH = YES;
				COPY_PHASE_STRIP = NO;
				DEBUG_INFORMATION_FORMAT = "dwarf-with-dsym";
				ENABLE_NS_ASSERTIONS = NO;
				ENABLE_STRICT_OBJC_MSGSEND = YES;
				GCC_C_LANGUAGE_STANDARD = gnu11;
				GCC_NO_COMMON_BLOCKS = YES;
				GCC_WARN_64_TO_32_BIT_CONVERSION = YES;
				GCC_WARN_ABOUT_RETURN_TYPE = YES_ERROR;
				GCC_WARN_UNDECLARED_SELECTOR = YES;
				GCC_WARN_UNINITIALIZED_AUTOS = YES_AGGRESSIVE;
				GCC_WARN_UNUSED_FUNCTION = YES;
				GCC_WARN_UNUSED_VARIABLE = YES;
				IPHONEOS_DEPLOYMENT_TARGET = 14.5;
				MTL_ENABLE_DEBUG_INFO = NO;
				MTL_FAST_MATH = YES;
				SDKROOT = iphoneos;
				SWIFT_COMPILATION_MODE = wholemodule;
				SWIFT_OPTIMIZATION_LEVEL = "-O";
				VALIDATE_PRODUCT = YES;
			};
			name = Release;
		};
		66DA27A826A6514D00687663 /* Debug */ = {
			isa = XCBuildConfiguration;
			buildSettings = {
				ASSETCATALOG_COMPILER_APPICON_NAME = AppIcon;
				ASSETCATALOG_COMPILER_GLOBAL_ACCENT_COLOR_NAME = AccentColor;
				CODE_SIGN_STYLE = Automatic;
				DEVELOPMENT_TEAM = 27TJPLK9L4;
				INFOPLIST_FILE = DominionPedia/Info.plist;
				LD_RUNPATH_SEARCH_PATHS = (
					"$(inherited)",
					"@executable_path/Frameworks",
				);
				PRODUCT_BUNDLE_IDENTIFIER = Billypak.DominionPedia;
				PRODUCT_NAME = "$(TARGET_NAME)";
				SWIFT_VERSION = 5.0;
				TARGETED_DEVICE_FAMILY = "1,2";
			};
			name = Debug;
		};
		66DA27A926A6514D00687663 /* Release */ = {
			isa = XCBuildConfiguration;
			buildSettings = {
				ASSETCATALOG_COMPILER_APPICON_NAME = AppIcon;
				ASSETCATALOG_COMPILER_GLOBAL_ACCENT_COLOR_NAME = AccentColor;
				CODE_SIGN_STYLE = Automatic;
				DEVELOPMENT_TEAM = 27TJPLK9L4;
				INFOPLIST_FILE = DominionPedia/Info.plist;
				LD_RUNPATH_SEARCH_PATHS = (
					"$(inherited)",
					"@executable_path/Frameworks",
				);
				PRODUCT_BUNDLE_IDENTIFIER = Billypak.DominionPedia;
				PRODUCT_NAME = "$(TARGET_NAME)";
				SWIFT_VERSION = 5.0;
				TARGETED_DEVICE_FAMILY = "1,2";
			};
			name = Release;
		};
/* End XCBuildConfiguration section */

/* Begin XCConfigurationList section */
		66DA278E26A6514800687663 /* Build configuration list for PBXProject "DominionPedia" */ = {
			isa = XCConfigurationList;
			buildConfigurations = (
				66DA27A526A6514D00687663 /* Debug */,
				66DA27A626A6514D00687663 /* Release */,
			);
			defaultConfigurationIsVisible = 0;
			defaultConfigurationName = Release;
		};
		66DA27A726A6514D00687663 /* Build configuration list for PBXNativeTarget "DominionPedia" */ = {
			isa = XCConfigurationList;
			buildConfigurations = (
				66DA27A826A6514D00687663 /* Debug */,
				66DA27A926A6514D00687663 /* Release */,
			);
			defaultConfigurationIsVisible = 0;
			defaultConfigurationName = Release;
		};
/* End XCConfigurationList section */
	};
	rootObject = 66DA278B26A6514800687663 /* Project object */;
}
